// !$*UTF8*$!
{
	archiveVersion = 1;
	classes = {
	};
	objectVersion = 55;
	objects = {

/* Begin PBXBuildFile section */
		90A704432814F11100A395C3 /* main.c in Sources */ = {isa = PBXBuildFile; fileRef = 90A704422814F11100A395C3 /* main.c */; };
/* End PBXBuildFile section */

/* Begin PBXContainerItemProxy section */
		904EEC51281577B300A4D2CA /* PBXContainerItemProxy */ = {
			isa = PBXContainerItemProxy;
			containerPortal = 904EEC4B281577B200A4D2CA /* Ex3.3.xcodeproj */;
			proxyType = 2;
			remoteGlobalIDString = 904EEC41281577B200A4D2CA;
			remoteInfo = Ex3.3;
		};
		904EEC6D281CDE3600A4D2CA /* PBXContainerItemProxy */ = {
			isa = PBXContainerItemProxy;
			containerPortal = 904EEC69281CDE3600A4D2CA /* Ex3-4.xcodeproj */;
			proxyType = 2;
			remoteGlobalIDString = 904EEC5F281CDE3600A4D2CA;
			remoteInfo = "Ex3-4";
		};
		90A704662814F13500A395C3 /* PBXContainerItemProxy */ = {
			isa = PBXContainerItemProxy;
			containerPortal = 90A704622814F13500A395C3 /* BinarySearch.xcodeproj */;
			proxyType = 2;
			remoteGlobalIDString = 90A704582814F13500A395C3;
			remoteInfo = BinarySearch;
		};
		90A704802814FA9F00A395C3 /* PBXContainerItemProxy */ = {
			isa = PBXContainerItemProxy;
			containerPortal = 90A7047C2814FA9F00A395C3 /* CharacterCounting.xcodeproj */;
			proxyType = 2;
			remoteGlobalIDString = 90A704722814FA9F00A395C3;
			remoteInfo = CharacterCounting;
		};
		90A7049A281510A300A395C3 /* PBXContainerItemProxy */ = {
			isa = PBXContainerItemProxy;
			containerPortal = 90A70496281510A300A395C3 /* ShellSort.xcodeproj */;
			proxyType = 2;
			remoteGlobalIDString = 90A7048C281510A300A395C3;
			remoteInfo = ShellSort;
		};
/* End PBXContainerItemProxy section */

/* Begin PBXCopyFilesBuildPhase section */
		90A7043D2814F11100A395C3 /* CopyFiles */ = {
			isa = PBXCopyFilesBuildPhase;
			buildActionMask = 2147483647;
			dstPath = /usr/share/man/man1/;
			dstSubfolderSpec = 0;
			files = (
			);
			runOnlyForDeploymentPostprocessing = 1;
		};
/* End PBXCopyFilesBuildPhase section */

/* Begin PBXFileReference section */
		904EEC4B281577B200A4D2CA /* Ex3.3.xcodeproj */ = {isa = PBXFileReference; lastKnownFileType = "wrapper.pb-project"; name = Ex3.3.xcodeproj; path = Ex3.3/Ex3.3.xcodeproj; sourceTree = "<group>"; };
		904EEC69281CDE3600A4D2CA /* Ex3-4.xcodeproj */ = {isa = PBXFileReference; lastKnownFileType = "wrapper.pb-project"; name = "Ex3-4.xcodeproj"; path = "Ex3-4/Ex3-4.xcodeproj"; sourceTree = "<group>"; };
		90A7043F2814F11100A395C3 /* ControlFlow */ = {isa = PBXFileReference; explicitFileType = "compiled.mach-o.executable"; includeInIndex = 0; path = ControlFlow; sourceTree = BUILT_PRODUCTS_DIR; };
		90A704422814F11100A395C3 /* main.c */ = {isa = PBXFileReference; lastKnownFileType = sourcecode.c.c; path = main.c; sourceTree = "<group>"; };
		90A704622814F13500A395C3 /* BinarySearch.xcodeproj */ = {isa = PBXFileReference; lastKnownFileType = "wrapper.pb-project"; name = BinarySearch.xcodeproj; path = BinarySearch/BinarySearch.xcodeproj; sourceTree = "<group>"; };
		90A7047C2814FA9F00A395C3 /* CharacterCounting.xcodeproj */ = {isa = PBXFileReference; lastKnownFileType = "wrapper.pb-project"; name = CharacterCounting.xcodeproj; path = CharacterCounting/CharacterCounting.xcodeproj; sourceTree = "<group>"; };
		90A70496281510A300A395C3 /* ShellSort.xcodeproj */ = {isa = PBXFileReference; lastKnownFileType = "wrapper.pb-project"; name = ShellSort.xcodeproj; path = ShellSort/ShellSort.xcodeproj; sourceTree = "<group>"; };
/* End PBXFileReference section */

/* Begin PBXFrameworksBuildPhase section */
		90A7043C2814F11100A395C3 /* Frameworks */ = {
			isa = PBXFrameworksBuildPhase;
			buildActionMask = 2147483647;
			files = (
			);
			runOnlyForDeploymentPostprocessing = 0;
		};
/* End PBXFrameworksBuildPhase section */

/* Begin PBXGroup section */
		904EEC4C281577B200A4D2CA /* Products */ = {
			isa = PBXGroup;
			children = (
				904EEC52281577B300A4D2CA /* Ex3.3 */,
			);
			name = Products;
			sourceTree = "<group>";
		};
		904EEC6A281CDE3600A4D2CA /* Products */ = {
			isa = PBXGroup;
			children = (
				904EEC6E281CDE3600A4D2CA /* Ex3-4 */,
			);
			name = Products;
			sourceTree = "<group>";
		};
		90A704362814F11100A395C3 = {
			isa = PBXGroup;
			children = (
				904EEC69281CDE3600A4D2CA /* Ex3-4.xcodeproj */,
				904EEC4B281577B200A4D2CA /* Ex3.3.xcodeproj */,
				90A70496281510A300A395C3 /* ShellSort.xcodeproj */,
				90A7047C2814FA9F00A395C3 /* CharacterCounting.xcodeproj */,
				90A704622814F13500A395C3 /* BinarySearch.xcodeproj */,
				90A704412814F11100A395C3 /* ControlFlow */,
				90A704402814F11100A395C3 /* Products */,
			);
			sourceTree = "<group>";
		};
		90A704402814F11100A395C3 /* Products */ = {
			isa = PBXGroup;
			children = (
				90A7043F2814F11100A395C3 /* ControlFlow */,
			);
			name = Products;
			sourceTree = "<group>";
		};
		90A704412814F11100A395C3 /* ControlFlow */ = {
			isa = PBXGroup;
			children = (
				90A704422814F11100A395C3 /* main.c */,
			);
			path = ControlFlow;
			sourceTree = "<group>";
		};
		90A704632814F13500A395C3 /* Products */ = {
			isa = PBXGroup;
			children = (
				90A704672814F13500A395C3 /* BinarySearch */,
			);
			name = Products;
			sourceTree = "<group>";
		};
		90A7047D2814FA9F00A395C3 /* Products */ = {
			isa = PBXGroup;
			children = (
				90A704812814FA9F00A395C3 /* CharacterCounting */,
			);
			name = Products;
			sourceTree = "<group>";
		};
		90A70497281510A300A395C3 /* Products */ = {
			isa = PBXGroup;
			children = (
				90A7049B281510A300A395C3 /* ShellSort */,
			);
			name = Products;
			sourceTree = "<group>";
		};
/* End PBXGroup section */

/* Begin PBXNativeTarget section */
		90A7043E2814F11100A395C3 /* ControlFlow */ = {
			isa = PBXNativeTarget;
			buildConfigurationList = 90A704462814F11100A395C3 /* Build configuration list for PBXNativeTarget "ControlFlow" */;
			buildPhases = (
				90A7043B2814F11100A395C3 /* Sources */,
				90A7043C2814F11100A395C3 /* Frameworks */,
				90A7043D2814F11100A395C3 /* CopyFiles */,
			);
			buildRules = (
			);
			dependencies = (
			);
			name = ControlFlow;
			productName = ControlFlow;
			productReference = 90A7043F2814F11100A395C3 /* ControlFlow */;
			productType = "com.apple.product-type.tool";
		};
/* End PBXNativeTarget section */

/* Begin PBXProject section */
		90A704372814F11100A395C3 /* Project object */ = {
			isa = PBXProject;
			attributes = {
				BuildIndependentTargetsInParallel = 1;
				LastUpgradeCheck = 1330;
				TargetAttributes = {
					90A7043E2814F11100A395C3 = {
						CreatedOnToolsVersion = 13.3.1;
					};
				};
			};
			buildConfigurationList = 90A7043A2814F11100A395C3 /* Build configuration list for PBXProject "ControlFlow" */;
			compatibilityVersion = "Xcode 13.0";
			developmentRegion = en;
			hasScannedForEncodings = 0;
			knownRegions = (
				en,
				Base,
			);
			mainGroup = 90A704362814F11100A395C3;
			productRefGroup = 90A704402814F11100A395C3 /* Products */;
			projectDirPath = "";
			projectReferences = (
				{
					ProductGroup = 90A704632814F13500A395C3 /* Products */;
					ProjectRef = 90A704622814F13500A395C3 /* BinarySearch.xcodeproj */;
				},
				{
					ProductGroup = 90A7047D2814FA9F00A395C3 /* Products */;
					ProjectRef = 90A7047C2814FA9F00A395C3 /* CharacterCounting.xcodeproj */;
				},
				{
					ProductGroup = 904EEC6A281CDE3600A4D2CA /* Products */;
					ProjectRef = 904EEC69281CDE3600A4D2CA /* Ex3-4.xcodeproj */;
				},
				{
					ProductGroup = 904EEC4C281577B200A4D2CA /* Products */;
					ProjectRef = 904EEC4B281577B200A4D2CA /* Ex3.3.xcodeproj */;
				},
				{
					ProductGroup = 90A70497281510A300A395C3 /* Products */;
					ProjectRef = 90A70496281510A300A395C3 /* ShellSort.xcodeproj */;
				},
			);
			projectRoot = "";
			targets = (
				90A7043E2814F11100A395C3 /* ControlFlow */,
			);
		};
/* End PBXProject section */

/* Begin PBXReferenceProxy section */
		904EEC52281577B300A4D2CA /* Ex3.3 */ = {
			isa = PBXReferenceProxy;
			fileType = "compiled.mach-o.executable";
			path = Ex3.3;
			remoteRef = 904EEC51281577B300A4D2CA /* PBXContainerItemProxy */;
			sourceTree = BUILT_PRODUCTS_DIR;
		};
		904EEC6E281CDE3600A4D2CA /* Ex3-4 */ = {
			isa = PBXReferenceProxy;
			fileType = "compiled.mach-o.executable";
			path = "Ex3-4";
			remoteRef = 904EEC6D281CDE3600A4D2CA /* PBXContainerItemProxy */;
			sourceTree = BUILT_PRODUCTS_DIR;
		};
		90A704672814F13500A395C3 /* BinarySearch */ = {
			isa = PBXReferenceProxy;
			fileType = "compiled.mach-o.executable";
			path = BinarySearch;
			remoteRef = 90A704662814F13500A395C3 /* PBXContainerItemProxy */;
			sourceTree = BUILT_PRODUCTS_DIR;
		};
		90A704812814FA9F00A395C3 /* CharacterCounting */ = {
			isa = PBXReferenceProxy;
			fileType = "compiled.mach-o.executable";
			path = CharacterCounting;
			remoteRef = 90A704802814FA9F00A395C3 /* PBXContainerItemProxy */;
			sourceTree = BUILT_PRODUCTS_DIR;
		};
		90A7049B281510A300A395C3 /* ShellSort */ = {
			isa = PBXReferenceProxy;
			fileType = "compiled.mach-o.executable";
			path = ShellSort;
			remoteRef = 90A7049A281510A300A395C3 /* PBXContainerItemProxy */;
			sourceTree = BUILT_PRODUCTS_DIR;
		};
/* End PBXReferenceProxy section */

/* Begin PBXSourcesBuildPhase section */
		90A7043B2814F11100A395C3 /* Sources */ = {
			isa = PBXSourcesBuildPhase;
			buildActionMask = 2147483647;
			files = (
				90A704432814F11100A395C3 /* main.c in Sources */,
			);
			runOnlyForDeploymentPostprocessing = 0;
		};
/* End PBXSourcesBuildPhase section */

/* Begin XCBuildConfiguration section */
		90A704442814F11100A395C3 /* Debug */ = {
			isa = XCBuildConfiguration;
			buildSettings = {
				ALWAYS_SEARCH_USER_PATHS = NO;
				CLANG_ANALYZER_NONNULL = YES;
				CLANG_ANALYZER_NUMBER_OBJECT_CONVERSION = YES_AGGRESSIVE;
				CLANG_CXX_LANGUAGE_STANDARD = "gnu++17";
				CLANG_ENABLE_MODULES = YES;
				CLANG_ENABLE_OBJC_ARC = YES;
				CLANG_ENABLE_OBJC_WEAK = YES;
				CLANG_WARN_BLOCK_CAPTURE_AUTORELEASING = YES;
				CLANG_WARN_BOOL_CONVERSION = YES;
				CLANG_WARN_COMMA = YES;
				CLANG_WARN_CONSTANT_CONVERSION = YES;
				CLANG_WARN_DEPRECATED_OBJC_IMPLEMENTATIONS = YES;
				CLANG_WARN_DIRECT_OBJC_ISA_USAGE = YES_ERROR;
				CLANG_WARN_DOCUMENTATION_COMMENTS = YES;
				CLANG_WARN_EMPTY_BODY = YES;
				CLANG_WARN_ENUM_CONVERSION = YES;
				CLANG_WARN_INFINITE_RECURSION = YES;
				CLANG_WARN_INT_CONVERSION = YES;
				CLANG_WARN_NON_LITERAL_NULL_CONVERSION = YES;
				CLANG_WARN_OBJC_IMPLICIT_RETAIN_SELF = YES;
				CLANG_WARN_OBJC_LITERAL_CONVERSION = YES;
				CLANG_WARN_OBJC_ROOT_CLASS = YES_ERROR;
				CLANG_WARN_QUOTED_INCLUDE_IN_FRAMEWORK_HEADER = YES;
				CLANG_WARN_RANGE_LOOP_ANALYSIS = YES;
				CLANG_WARN_STRICT_PROTOTYPES = YES;
				CLANG_WARN_SUSPICIOUS_MOVE = YES;
				CLANG_WARN_UNGUARDED_AVAILABILITY = YES_AGGRESSIVE;
				CLANG_WARN_UNREACHABLE_CODE = YES;
				CLANG_WARN__DUPLICATE_METHOD_MATCH = YES;
				COPY_PHASE_STRIP = NO;
				DEBUG_INFORMATION_FORMAT = dwarf;
				ENABLE_STRICT_OBJC_MSGSEND = YES;
				ENABLE_TESTABILITY = YES;
				GCC_C_LANGUAGE_STANDARD = gnu11;
				GCC_DYNAMIC_NO_PIC = NO;
				GCC_NO_COMMON_BLOCKS = YES;
				GCC_OPTIMIZATION_LEVEL = 0;
				GCC_PREPROCESSOR_DEFINITIONS = (
					"DEBUG=1",
					"$(inherited)",
				);
				GCC_WARN_64_TO_32_BIT_CONVERSION = YES;
				GCC_WARN_ABOUT_RETURN_TYPE = YES_ERROR;
				GCC_WARN_UNDECLARED_SELECTOR = YES;
				GCC_WARN_UNINITIALIZED_AUTOS = YES_AGGRESSIVE;
				GCC_WARN_UNUSED_FUNCTION = YES;
				GCC_WARN_UNUSED_VARIABLE = YES;
				MACOSX_DEPLOYMENT_TARGET = 12.3;
				MTL_ENABLE_DEBUG_INFO = INCLUDE_SOURCE;
				MTL_FAST_MATH = YES;
				ONLY_ACTIVE_ARCH = YES;
				SDKROOT = macosx;
			};
			name = Debug;
		};
		90A704452814F11100A395C3 /* Release */ = {
			isa = XCBuildConfiguration;
			buildSettings = {
				ALWAYS_SEARCH_USER_PATHS = NO;
				CLANG_ANALYZER_NONNULL = YES;
				CLANG_ANALYZER_NUMBER_OBJECT_CONVERSION = YES_AGGRESSIVE;
				CLANG_CXX_LANGUAGE_STANDARD = "gnu++17";
				CLANG_ENABLE_MODULES = YES;
				CLANG_ENABLE_OBJC_ARC = YES;
				CLANG_ENABLE_OBJC_WEAK = YES;
				CLANG_WARN_BLOCK_CAPTURE_AUTORELEASING = YES;
				CLANG_WARN_BOOL_CONVERSION = YES;
				CLANG_WARN_COMMA = YES;
				CLANG_WARN_CONSTANT_CONVERSION = YES;
				CLANG_WARN_DEPRECATED_OBJC_IMPLEMENTATIONS = YES;
				CLANG_WARN_DIRECT_OBJC_ISA_USAGE = YES_ERROR;
				CLANG_WARN_DOCUMENTATION_COMMENTS = YES;
				CLANG_WARN_EMPTY_BODY = YES;
				CLANG_WARN_ENUM_CONVERSION = YES;
				CLANG_WARN_INFINITE_RECURSION = YES;
				CLANG_WARN_INT_CONVERSION = YES;
				CLANG_WARN_NON_LITERAL_NULL_CONVERSION = YES;
				CLANG_WARN_OBJC_IMPLICIT_RETAIN_SELF = YES;
				CLANG_WARN_OBJC_LITERAL_CONVERSION = YES;
				CLANG_WARN_OBJC_ROOT_CLASS = YES_ERROR;
				CLANG_WARN_QUOTED_INCLUDE_IN_FRAMEWORK_HEADER = YES;
				CLANG_WARN_RANGE_LOOP_ANALYSIS = YES;
				CLANG_WARN_STRICT_PROTOTYPES = YES;
				CLANG_WARN_SUSPICIOUS_MOVE = YES;
				CLANG_WARN_UNGUARDED_AVAILABILITY = YES_AGGRESSIVE;
				CLANG_WARN_UNREACHABLE_CODE = YES;
				CLANG_WARN__DUPLICATE_METHOD_MATCH = YES;
				COPY_PHASE_STRIP = NO;
				DEBUG_INFORMATION_FORMAT = "dwarf-with-dsym";
				ENABLE_NS_ASSERTIONS = NO;
				ENABLE_STRICT_OBJC_MSGSEND = YES;
				GCC_C_LANGUAGE_STANDARD = gnu11;
				GCC_NO_COMMON_BLOCKS = YES;
				GCC_WARN_64_TO_32_BIT_CONVERSION = YES;
				GCC_WARN_ABOUT_RETURN_TYPE = YES_ERROR;
				GCC_WARN_UNDECLARED_SELECTOR = YES;
				GCC_WARN_UNINITIALIZED_AUTOS = YES_AGGRESSIVE;
				GCC_WARN_UNUSED_FUNCTION = YES;
				GCC_WARN_UNUSED_VARIABLE = YES;
				MACOSX_DEPLOYMENT_TARGET = 12.3;
				MTL_ENABLE_DEBUG_INFO = NO;
				MTL_FAST_MATH = YES;
				SDKROOT = macosx;
			};
			name = Release;
		};
		90A704472814F11100A395C3 /* Debug */ = {
			isa = XCBuildConfiguration;
			buildSettings = {
				CODE_SIGN_STYLE = Automatic;
				PRODUCT_NAME = "$(TARGET_NAME)";
			};
			name = Debug;
		};
		90A704482814F11100A395C3 /* Release */ = {
			isa = XCBuildConfiguration;
			buildSettings = {
				CODE_SIGN_STYLE = Automatic;
				PRODUCT_NAME = "$(TARGET_NAME)";
			};
			name = Release;
		};
/* End XCBuildConfiguration section */

/* Begin XCConfigurationList section */
		90A7043A2814F11100A395C3 /* Build configuration list for PBXProject "ControlFlow" */ = {
			isa = XCConfigurationList;
			buildConfigurations = (
				90A704442814F11100A395C3 /* Debug */,
				90A704452814F11100A395C3 /* Release */,
			);
			defaultConfigurationIsVisible = 0;
			defaultConfigurationName = Release;
		};
		90A704462814F11100A395C3 /* Build configuration list for PBXNativeTarget "ControlFlow" */ = {
			isa = XCConfigurationList;
			buildConfigurations = (
				90A704472814F11100A395C3 /* Debug */,
				90A704482814F11100A395C3 /* Release */,
			);
			defaultConfigurationIsVisible = 0;
			defaultConfigurationName = Release;
		};
/* End XCConfigurationList section */
	};
	rootObject = 90A704372814F11100A395C3 /* Project object */;
}
