// !$*UTF8*$!
{
	archiveVersion = 1;
	classes = {
	};
	objectVersion = 50;
	objects = {

/* Begin PBXContainerItemProxy section */
		90B0D09728093BB1003A5F92 /* PBXContainerItemProxy */ = {
			isa = PBXContainerItemProxy;
			containerPortal = 90B0D09328093BB0003A5F92 /* TypesOperatorsExpressions.xcodeproj */;
			proxyType = 2;
			remoteGlobalIDString = 90B0D08928093BB0003A5F92;
			remoteInfo = TypesOperatorsExpressions;
		};
		90BA7C1927055DEB00A8EA67 /* PBXContainerItemProxy */ = {
			isa = PBXContainerItemProxy;
			containerPortal = 90BA7C1527055DEB00A8EA67 /* InputOutput.xcodeproj */;
			proxyType = 2;
			remoteGlobalIDString = 90BA7C0527055D4400A8EA67;
			remoteInfo = InputOutput;
		};
/* End PBXContainerItemProxy section */

/* Begin PBXCopyFilesBuildPhase section */
		90E68287265B6728000D99F1 /* CopyFiles */ = {
			isa = PBXCopyFilesBuildPhase;
			buildActionMask = 2147483647;
			dstPath = /usr/share/man/man1/;
			dstSubfolderSpec = 0;
			files = (
			);
			runOnlyForDeploymentPostprocessing = 1;
		};
/* End PBXCopyFilesBuildPhase section */

/* Begin PBXFileReference section */
		90B0D09328093BB0003A5F92 /* TypesOperatorsExpressions.xcodeproj */ = {isa = PBXFileReference; lastKnownFileType = "wrapper.pb-project"; name = TypesOperatorsExpressions.xcodeproj; path = TypesOperatorsExpressions/TypesOperatorsExpressions.xcodeproj; sourceTree = "<group>"; };
		90BA7C1527055DEB00A8EA67 /* InputOutput.xcodeproj */ = {isa = PBXFileReference; lastKnownFileType = "wrapper.pb-project"; name = InputOutput.xcodeproj; path = InputOutput/InputOutput.xcodeproj; sourceTree = "<group>"; };
		90E68289265B6728000D99F1 /* TheCProgrammingLanguage */ = {isa = PBXFileReference; explicitFileType = "compiled.mach-o.executable"; includeInIndex = 0; path = TheCProgrammingLanguage; sourceTree = BUILT_PRODUCTS_DIR; };
/* End PBXFileReference section */

/* Begin PBXFrameworksBuildPhase section */
		90E68286265B6728000D99F1 /* Frameworks */ = {
			isa = PBXFrameworksBuildPhase;
			buildActionMask = 2147483647;
			files = (
			);
			runOnlyForDeploymentPostprocessing = 0;
		};
/* End PBXFrameworksBuildPhase section */

/* Begin PBXGroup section */
		90B0D09428093BB0003A5F92 /* Products */ = {
			isa = PBXGroup;
			children = (
				90B0D09828093BB1003A5F92 /* TypesOperatorsExpressions */,
			);
			name = Products;
			sourceTree = "<group>";
		};
		90BA7C1627055DEB00A8EA67 /* Products */ = {
			isa = PBXGroup;
			children = (
				90BA7C1A27055DEB00A8EA67 /* InputOutput */,
			);
			name = Products;
			sourceTree = "<group>";
		};
		90E68280265B6728000D99F1 = {
			isa = PBXGroup;
			children = (
				90B0D09328093BB0003A5F92 /* TypesOperatorsExpressions.xcodeproj */,
				90BA7C1527055DEB00A8EA67 /* InputOutput.xcodeproj */,
				90E6828A265B6728000D99F1 /* Products */,
			);
			sourceTree = "<group>";
		};
		90E6828A265B6728000D99F1 /* Products */ = {
			isa = PBXGroup;
			children = (
				90E68289265B6728000D99F1 /* TheCProgrammingLanguage */,
			);
			name = Products;
			sourceTree = "<group>";
		};
/* End PBXGroup section */

/* Begin PBXNativeTarget section */
		90E68288265B6728000D99F1 /* TheCProgrammingLanguage */ = {
			isa = PBXNativeTarget;
			buildConfigurationList = 90E68290265B6728000D99F1 /* Build configuration list for PBXNativeTarget "TheCProgrammingLanguage" */;
			buildPhases = (
				90E68285265B6728000D99F1 /* Sources */,
				90E68286265B6728000D99F1 /* Frameworks */,
				90E68287265B6728000D99F1 /* CopyFiles */,
			);
			buildRules = (
			);
			dependencies = (
			);
			name = TheCProgrammingLanguage;
			productName = TheCProgrammingLanguage;
			productReference = 90E68289265B6728000D99F1 /* TheCProgrammingLanguage */;
			productType = "com.apple.product-type.tool";
		};
/* End PBXNativeTarget section */

/* Begin PBXProject section */
		90E68281265B6728000D99F1 /* Project object */ = {
			isa = PBXProject;
			attributes = {
				LastUpgradeCheck = 1330;
				TargetAttributes = {
					90E68288265B6728000D99F1 = {
						CreatedOnToolsVersion = 12.5;
					};
				};
			};
			buildConfigurationList = 90E68284265B6728000D99F1 /* Build configuration list for PBXProject "TheCProgrammingLanguage" */;
			compatibilityVersion = "Xcode 9.3";
			developmentRegion = en;
			hasScannedForEncodings = 0;
			knownRegions = (
				en,
				Base,
			);
			mainGroup = 90E68280265B6728000D99F1;
			productRefGroup = 90E6828A265B6728000D99F1 /* Products */;
			projectDirPath = "";
			projectReferences = (
				{
					ProductGroup = 90BA7C1627055DEB00A8EA67 /* Products */;
					ProjectRef = 90BA7C1527055DEB00A8EA67 /* InputOutput.xcodeproj */;
				},
				{
					ProductGroup = 90B0D09428093BB0003A5F92 /* Products */;
					ProjectRef = 90B0D09328093BB0003A5F92 /* TypesOperatorsExpressions.xcodeproj */;
				},
			);
			projectRoot = "";
			targets = (
				90E68288265B6728000D99F1 /* TheCProgrammingLanguage */,
			);
		};
/* End PBXProject section */

/* Begin PBXReferenceProxy section */
		90B0D09828093BB1003A5F92 /* TypesOperatorsExpressions */ = {
			isa = PBXReferenceProxy;
			fileType = "compiled.mach-o.executable";
			path = TypesOperatorsExpressions;
			remoteRef = 90B0D09728093BB1003A5F92 /* PBXContainerItemProxy */;
			sourceTree = BUILT_PRODUCTS_DIR;
		};
		90BA7C1A27055DEB00A8EA67 /* InputOutput */ = {
			isa = PBXReferenceProxy;
			fileType = "compiled.mach-o.executable";
			path = InputOutput;
			remoteRef = 90BA7C1927055DEB00A8EA67 /* PBXContainerItemProxy */;
			sourceTree = BUILT_PRODUCTS_DIR;
		};
/* End PBXReferenceProxy section */

/* Begin PBXSourcesBuildPhase section */
		90E68285265B6728000D99F1 /* Sources */ = {
			isa = PBXSourcesBuildPhase;
			buildActionMask = 2147483647;
			files = (
			);
			runOnlyForDeploymentPostprocessing = 0;
		};
/* End PBXSourcesBuildPhase section */

/* Begin XCBuildConfiguration section */
		90E6828E265B6728000D99F1 /* Debug */ = {
			isa = XCBuildConfiguration;
			buildSettings = {
				ALWAYS_SEARCH_USER_PATHS = NO;
				CLANG_ANALYZER_NONNULL = YES;
				CLANG_ANALYZER_NUMBER_OBJECT_CONVERSION = YES_AGGRESSIVE;
				CLANG_CXX_LANGUAGE_STANDARD = "gnu++14";
				CLANG_CXX_LIBRARY = "libc++";
				CLANG_ENABLE_MODULES = YES;
				CLANG_ENABLE_OBJC_ARC = YES;
				CLANG_ENABLE_OBJC_WEAK = YES;
				CLANG_WARN_BLOCK_CAPTURE_AUTORELEASING = YES;
				CLANG_WARN_BOOL_CONVERSION = YES;
				CLANG_WARN_COMMA = YES;
				CLANG_WARN_CONSTANT_CONVERSION = YES;
				CLANG_WARN_DEPRECATED_OBJC_IMPLEMENTATIONS = YES;
				CLANG_WARN_DIRECT_OBJC_ISA_USAGE = YES_ERROR;
				CLANG_WARN_DOCUMENTATION_COMMENTS = YES;
				CLANG_WARN_EMPTY_BODY = YES;
				CLANG_WARN_ENUM_CONVERSION = YES;
				CLANG_WARN_INFINITE_RECURSION = YES;
				CLANG_WARN_INT_CONVERSION = YES;
				CLANG_WARN_NON_LITERAL_NULL_CONVERSION = YES;
				CLANG_WARN_OBJC_IMPLICIT_RETAIN_SELF = YES;
				CLANG_WARN_OBJC_LITERAL_CONVERSION = YES;
				CLANG_WARN_OBJC_ROOT_CLASS = YES_ERROR;
				CLANG_WARN_QUOTED_INCLUDE_IN_FRAMEWORK_HEADER = YES;
				CLANG_WARN_RANGE_LOOP_ANALYSIS = YES;
				CLANG_WARN_STRICT_PROTOTYPES = YES;
				CLANG_WARN_SUSPICIOUS_MOVE = YES;
				CLANG_WARN_UNGUARDED_AVAILABILITY = YES_AGGRESSIVE;
				CLANG_WARN_UNREACHABLE_CODE = YES;
				CLANG_WARN__DUPLICATE_METHOD_MATCH = YES;
				COPY_PHASE_STRIP = NO;
				DEBUG_INFORMATION_FORMAT = dwarf;
				ENABLE_STRICT_OBJC_MSGSEND = YES;
				ENABLE_TESTABILITY = YES;
				GCC_C_LANGUAGE_STANDARD = gnu11;
				GCC_DYNAMIC_NO_PIC = NO;
				GCC_NO_COMMON_BLOCKS = YES;
				GCC_OPTIMIZATION_LEVEL = 0;
				GCC_PREPROCESSOR_DEFINITIONS = (
					"DEBUG=1",
					"$(inherited)",
				);
				GCC_WARN_64_TO_32_BIT_CONVERSION = YES;
				GCC_WARN_ABOUT_RETURN_TYPE = YES_ERROR;
				GCC_WARN_UNDECLARED_SELECTOR = YES;
				GCC_WARN_UNINITIALIZED_AUTOS = YES_AGGRESSIVE;
				GCC_WARN_UNUSED_FUNCTION = YES;
				GCC_WARN_UNUSED_VARIABLE = YES;
				MACOSX_DEPLOYMENT_TARGET = 11.2;
				MTL_ENABLE_DEBUG_INFO = INCLUDE_SOURCE;
				MTL_FAST_MATH = YES;
				ONLY_ACTIVE_ARCH = YES;
				SDKROOT = macosx;
			};
			name = Debug;
		};
		90E6828F265B6728000D99F1 /* Release */ = {
			isa = XCBuildConfiguration;
			buildSettings = {
				ALWAYS_SEARCH_USER_PATHS = NO;
				CLANG_ANALYZER_NONNULL = YES;
				CLANG_ANALYZER_NUMBER_OBJECT_CONVERSION = YES_AGGRESSIVE;
				CLANG_CXX_LANGUAGE_STANDARD = "gnu++14";
				CLANG_CXX_LIBRARY = "libc++";
				CLANG_ENABLE_MODULES = YES;
				CLANG_ENABLE_OBJC_ARC = YES;
				CLANG_ENABLE_OBJC_WEAK = YES;
				CLANG_WARN_BLOCK_CAPTURE_AUTORELEASING = YES;
				CLANG_WARN_BOOL_CONVERSION = YES;
				CLANG_WARN_COMMA = YES;
				CLANG_WARN_CONSTANT_CONVERSION = YES;
				CLANG_WARN_DEPRECATED_OBJC_IMPLEMENTATIONS = YES;
				CLANG_WARN_DIRECT_OBJC_ISA_USAGE = YES_ERROR;
				CLANG_WARN_DOCUMENTATION_COMMENTS = YES;
				CLANG_WARN_EMPTY_BODY = YES;
				CLANG_WARN_ENUM_CONVERSION = YES;
				CLANG_WARN_INFINITE_RECURSION = YES;
				CLANG_WARN_INT_CONVERSION = YES;
				CLANG_WARN_NON_LITERAL_NULL_CONVERSION = YES;
				CLANG_WARN_OBJC_IMPLICIT_RETAIN_SELF = YES;
				CLANG_WARN_OBJC_LITERAL_CONVERSION = YES;
				CLANG_WARN_OBJC_ROOT_CLASS = YES_ERROR;
				CLANG_WARN_QUOTED_INCLUDE_IN_FRAMEWORK_HEADER = YES;
				CLANG_WARN_RANGE_LOOP_ANALYSIS = YES;
				CLANG_WARN_STRICT_PROTOTYPES = YES;
				CLANG_WARN_SUSPICIOUS_MOVE = YES;
				CLANG_WARN_UNGUARDED_AVAILABILITY = YES_AGGRESSIVE;
				CLANG_WARN_UNREACHABLE_CODE = YES;
				CLANG_WARN__DUPLICATE_METHOD_MATCH = YES;
				COPY_PHASE_STRIP = NO;
				DEBUG_INFORMATION_FORMAT = "dwarf-with-dsym";
				ENABLE_NS_ASSERTIONS = NO;
				ENABLE_STRICT_OBJC_MSGSEND = YES;
				GCC_C_LANGUAGE_STANDARD = gnu11;
				GCC_NO_COMMON_BLOCKS = YES;
				GCC_WARN_64_TO_32_BIT_CONVERSION = YES;
				GCC_WARN_ABOUT_RETURN_TYPE = YES_ERROR;
				GCC_WARN_UNDECLARED_SELECTOR = YES;
				GCC_WARN_UNINITIALIZED_AUTOS = YES_AGGRESSIVE;
				GCC_WARN_UNUSED_FUNCTION = YES;
				GCC_WARN_UNUSED_VARIABLE = YES;
				MACOSX_DEPLOYMENT_TARGET = 11.2;
				MTL_ENABLE_DEBUG_INFO = NO;
				MTL_FAST_MATH = YES;
				SDKROOT = macosx;
			};
			name = Release;
		};
		90E68291265B6728000D99F1 /* Debug */ = {
			isa = XCBuildConfiguration;
			buildSettings = {
				CODE_SIGN_IDENTITY = "-";
				CODE_SIGN_STYLE = Automatic;
				PRODUCT_NAME = "$(TARGET_NAME)";
			};
			name = Debug;
		};
		90E68292265B6728000D99F1 /* Release */ = {
			isa = XCBuildConfiguration;
			buildSettings = {
				CODE_SIGN_IDENTITY = "-";
				CODE_SIGN_STYLE = Automatic;
				PRODUCT_NAME = "$(TARGET_NAME)";
			};
			name = Release;
		};
/* End XCBuildConfiguration section */

/* Begin XCConfigurationList section */
		90E68284265B6728000D99F1 /* Build configuration list for PBXProject "TheCProgrammingLanguage" */ = {
			isa = XCConfigurationList;
			buildConfigurations = (
				90E6828E265B6728000D99F1 /* Debug */,
				90E6828F265B6728000D99F1 /* Release */,
			);
			defaultConfigurationIsVisible = 0;
			defaultConfigurationName = Release;
		};
		90E68290265B6728000D99F1 /* Build configuration list for PBXNativeTarget "TheCProgrammingLanguage" */ = {
			isa = XCConfigurationList;
			buildConfigurations = (
				90E68291265B6728000D99F1 /* Debug */,
				90E68292265B6728000D99F1 /* Release */,
			);
			defaultConfigurationIsVisible = 0;
			defaultConfigurationName = Release;
		};
/* End XCConfigurationList section */
	};
	rootObject = 90E68281265B6728000D99F1 /* Project object */;
}
